
Microsoft Visual Studio Solution File, Format Version 12.00
# Visual Studio Version 16
VisualStudioVersion = 16.0.31129.286
MinimumVisualStudioVersion = 10.0.40219.1
Project("{9A19103F-16F7-4668-BE54-9A1E7A4F7556}") = "TextEngine", "TextEngine.csproj", "{4998683B-A809-43B8-9716-28B1A63AE3AB}"
EndProject
Global
	GlobalSection(SolutionConfigurationPlatforms) = preSolution
		Debug|Any CPU = Debug|Any CPU
		Release|Any CPU = Release|Any CPU
	EndGlobalSection
	GlobalSection(ProjectConfigurationPlatforms) = postSolution
		{4998683B-A809-43B8-9716-28B1A63AE3AB}.Debug|Any CPU.ActiveCfg = Debug|Any CPU
		{4998683B-A809-43B8-9716-28B1A63AE3AB}.Debug|Any CPU.Build.0 = Debug|Any CPU
		{4998683B-A809-43B8-9716-28B1A63AE3AB}.Release|Any CPU.ActiveCfg = Release|Any CPU
		{4998683B-A809-43B8-9716-28B1A63AE3AB}.Release|Any CPU.Build.0 = Release|Any CPU
	EndGlobalSection
	GlobalSection(SolutionProperties) = preSolution
		HideSolutionNode = FALSE
	EndGlobalSection
	GlobalSection(ExtensibilityGlobals) = postSolution
		SolutionGuid = {2BFAE2BB-8198-452F-8680-67EBD7FCF8DB}
	EndGlobalSection
EndGlobal
